
Microsoft Visual Studio Solution File, Format Version 12.00
# Visual Studio Version 17
VisualStudioVersion = 17.14.36127.28
MinimumVisualStudioVersion = 10.0.40219.1
Project("{FAE04EC0-301F-11D3-BF4B-00C04F79EFBC}") = "TransferLearningTF", "TransferLearningTF\TransferLearningTF.csproj", "{4C76964C-3A1C-4099-8C3B-8BC7CEEE8AB3}"
EndProject
Project("{FAE04EC0-301F-11D3-BF4B-00C04F79EFBC}") = "TaxiFarePrediction", "TaxiFarePrediction\TaxiFarePrediction.csproj", "{FD1D9664-A24F-49F9-8332-5D17E3AD93A3}"
EndProject
Project("{FAE04EC0-301F-11D3-BF4B-00C04F79EFBC}") = "BinaryClassification", "VariableInputBooleanOutcome\BinaryClassification.csproj", "{AB320A38-D47A-450A-9210-0DC6A6070224}"
EndProject
Project("{888888A0-9F3D-457C-B088-3A5042F75D52}") = "W3PythonMachineLearning", "W3PythonMachineLearning\W3PythonMachineLearning.pyproj", "{74385542-B5D7-4A79-AAA0-F83835BEFFA4}"
EndProject
Global
	GlobalSection(SolutionConfigurationPlatforms) = preSolution
		Debug|Any CPU = Debug|Any CPU
		Release|Any CPU = Release|Any CPU
	EndGlobalSection
	GlobalSection(ProjectConfigurationPlatforms) = postSolution
		{4C76964C-3A1C-4099-8C3B-8BC7CEEE8AB3}.Debug|Any CPU.ActiveCfg = Debug|Any CPU
		{4C76964C-3A1C-4099-8C3B-8BC7CEEE8AB3}.Debug|Any CPU.Build.0 = Debug|Any CPU
		{4C76964C-3A1C-4099-8C3B-8BC7CEEE8AB3}.Release|Any CPU.ActiveCfg = Release|Any CPU
		{4C76964C-3A1C-4099-8C3B-8BC7CEEE8AB3}.Release|Any CPU.Build.0 = Release|Any CPU
		{FD1D9664-A24F-49F9-8332-5D17E3AD93A3}.Debug|Any CPU.ActiveCfg = Debug|Any CPU
		{FD1D9664-A24F-49F9-8332-5D17E3AD93A3}.Debug|Any CPU.Build.0 = Debug|Any CPU
		{FD1D9664-A24F-49F9-8332-5D17E3AD93A3}.Release|Any CPU.ActiveCfg = Release|Any CPU
		{FD1D9664-A24F-49F9-8332-5D17E3AD93A3}.Release|Any CPU.Build.0 = Release|Any CPU
		{AB320A38-D47A-450A-9210-0DC6A6070224}.Debug|Any CPU.ActiveCfg = Debug|Any CPU
		{AB320A38-D47A-450A-9210-0DC6A6070224}.Debug|Any CPU.Build.0 = Debug|Any CPU
		{AB320A38-D47A-450A-9210-0DC6A6070224}.Release|Any CPU.ActiveCfg = Release|Any CPU
		{AB320A38-D47A-450A-9210-0DC6A6070224}.Release|Any CPU.Build.0 = Release|Any CPU
		{74385542-B5D7-4A79-AAA0-F83835BEFFA4}.Debug|Any CPU.ActiveCfg = Debug|Any CPU
		{74385542-B5D7-4A79-AAA0-F83835BEFFA4}.Release|Any CPU.ActiveCfg = Release|Any CPU
	EndGlobalSection
	GlobalSection(SolutionProperties) = preSolution
		HideSolutionNode = FALSE
	EndGlobalSection
	GlobalSection(ExtensibilityGlobals) = postSolution
		SolutionGuid = {C5141DD3-4F7E-4C21-A26E-C0C8444535BB}
	EndGlobalSection
EndGlobal
